
Microsoft Visual Studio Solution File, Format Version 12.00
# Visual Studio 15
VisualStudioVersion = 15.0.28307.1062
MinimumVisualStudioVersion = 10.0.40219.1
Project("{FAE04EC0-301F-11D3-BF4B-00C04F79EFBC}") = "B20_Ex02", "B20_Ex02\B20_Ex02.csproj", "{92A551AD-DD4B-42D5-B119-4928FB04AEE8}"
EndProject
Global
	GlobalSection(SolutionConfigurationPlatforms) = preSolution
		Debug|Any CPU = Debug|Any CPU
		Release|Any CPU = Release|Any CPU
	EndGlobalSection
	GlobalSection(ProjectConfigurationPlatforms) = postSolution
		{92A551AD-DD4B-42D5-B119-4928FB04AEE8}.Debug|Any CPU.ActiveCfg = Debug|Any CPU
		{92A551AD-DD4B-42D5-B119-4928FB04AEE8}.Debug|Any CPU.Build.0 = Debug|Any CPU
		{92A551AD-DD4B-42D5-B119-4928FB04AEE8}.Release|Any CPU.ActiveCfg = Release|Any CPU
		{92A551AD-DD4B-42D5-B119-4928FB04AEE8}.Release|Any CPU.Build.0 = Release|Any CPU
	EndGlobalSection
	GlobalSection(SolutionProperties) = preSolution
		HideSolutionNode = FALSE
	EndGlobalSection
	GlobalSection(ExtensibilityGlobals) = postSolution
		SolutionGuid = {4E196F28-95DF-4151-A58B-3999A9EA32FB}
	EndGlobalSection
EndGlobal
