
Microsoft Visual Studio Solution File, Format Version 12.00
# Visual Studio 15
VisualStudioVersion = 15.0.28307.1145
MinimumVisualStudioVersion = 10.0.40219.1
Project("{FAE04EC0-301F-11D3-BF4B-00C04F79EFBC}") = "MemoryGame", "MemoryGame\MemoryGame.csproj", "{9A4C796C-9793-409C-AED3-E2FBF33E7DD5}"
EndProject
Project("{FAE04EC0-301F-11D3-BF4B-00C04F79EFBC}") = "xx", "B20 Ex02 Ronen 316273655 Chen 312608417\B20 Ex02 Ronen 316273655 Chen 312608417\xx.csproj", "{284D522D-0C19-4797-AE5F-F42222C547DC}"
EndProject
Project("{2150E333-8FDC-42A3-9474-1A3956D46DE8}") = "Solution Items", "Solution Items", "{9FE5C202-3AED-4705-B197-156B524E8034}"
	ProjectSection(SolutionItems) = preProject
		README.txt = README.txt
	EndProjectSection
EndProject
Global
	GlobalSection(SolutionConfigurationPlatforms) = preSolution
		Debug|Any CPU = Debug|Any CPU
		Release|Any CPU = Release|Any CPU
	EndGlobalSection
	GlobalSection(ProjectConfigurationPlatforms) = postSolution
		{9A4C796C-9793-409C-AED3-E2FBF33E7DD5}.Debug|Any CPU.ActiveCfg = Debug|Any CPU
		{9A4C796C-9793-409C-AED3-E2FBF33E7DD5}.Debug|Any CPU.Build.0 = Debug|Any CPU
		{9A4C796C-9793-409C-AED3-E2FBF33E7DD5}.Release|Any CPU.ActiveCfg = Release|Any CPU
		{9A4C796C-9793-409C-AED3-E2FBF33E7DD5}.Release|Any CPU.Build.0 = Release|Any CPU
		{284D522D-0C19-4797-AE5F-F42222C547DC}.Debug|Any CPU.ActiveCfg = Debug|Any CPU
		{284D522D-0C19-4797-AE5F-F42222C547DC}.Debug|Any CPU.Build.0 = Debug|Any CPU
		{284D522D-0C19-4797-AE5F-F42222C547DC}.Release|Any CPU.ActiveCfg = Release|Any CPU
		{284D522D-0C19-4797-AE5F-F42222C547DC}.Release|Any CPU.Build.0 = Release|Any CPU
	EndGlobalSection
	GlobalSection(SolutionProperties) = preSolution
		HideSolutionNode = FALSE
	EndGlobalSection
	GlobalSection(ExtensibilityGlobals) = postSolution
		SolutionGuid = {0BAA9CBC-0189-4EBC-8681-F46AC5266E7E}
	EndGlobalSection
EndGlobal
